
Microsoft Visual Studio Solution File, Format Version 12.00
# Visual Studio Version 16
VisualStudioVersion = 16.0.32106.194
MinimumVisualStudioVersion = 10.0.40219.1
Project("{FAE04EC0-301F-11D3-BF4B-00C04F79EFBC}") = "his-lasa-managemenet-service", "his-lasa-managemenet-service\his-lasa-managemenet-service.csproj", "{6BDB4507-D530-47C8-B956-C441340BF964}"
EndProject
Global
	GlobalSection(SolutionConfigurationPlatforms) = preSolution
		Debug|Any CPU = Debug|Any CPU
		Release|Any CPU = Release|Any CPU
	EndGlobalSection
	GlobalSection(ProjectConfigurationPlatforms) = postSolution
		{6BDB4507-D530-47C8-B956-C441340BF964}.Debug|Any CPU.ActiveCfg = Debug|Any CPU
		{6BDB4507-D530-47C8-B956-C441340BF964}.Debug|Any CPU.Build.0 = Debug|Any CPU
		{6BDB4507-D530-47C8-B956-C441340BF964}.Release|Any CPU.ActiveCfg = Release|Any CPU
		{6BDB4507-D530-47C8-B956-C441340BF964}.Release|Any CPU.Build.0 = Release|Any CPU
	EndGlobalSection
	GlobalSection(SolutionProperties) = preSolution
		HideSolutionNode = FALSE
	EndGlobalSection
	GlobalSection(ExtensibilityGlobals) = postSolution
		SolutionGuid = {68C05E90-E73E-4801-A082-790CF2A07268}
	EndGlobalSection
EndGlobal
